# This file is automatically @generated by Cargo.
# It is not intended for manual editing.
version = 4

[[package]]
name = "relaynaut-agent"
version = "0.1.0"

[[package]]
name = "relaynaut-common"
version = "0.1.0"

[[package]]
name = "relaynaut-controller"
version = "0.1.0"

[[package]]
name = "relaynaut-hftpack"
version = "0.1.0"
